
Microsoft Visual Studio Solution File, Format Version 12.00
# Visual Studio Version 16
VisualStudioVersion = 16.0.30128.74
MinimumVisualStudioVersion = 10.0.40219.1
Project("{FAE04EC0-301F-11D3-BF4B-00C04F79EFBC}") = "MiBandWatchFaces", "MiBand5WatchFaces\MiBandWatchFaces.csproj", "{EFE5FD9A-4407-46D7-BB79-F7080668B5E8}"
EndProject
Global
	GlobalSection(SolutionConfigurationPlatforms) = preSolution
		Debug|Any CPU = Debug|Any CPU
		Release|Any CPU = Release|Any CPU
	EndGlobalSection
	GlobalSection(ProjectConfigurationPlatforms) = postSolution
		{EFE5FD9A-4407-46D7-BB79-F7080668B5E8}.Debug|Any CPU.ActiveCfg = Debug|Any CPU
		{EFE5FD9A-4407-46D7-BB79-F7080668B5E8}.Debug|Any CPU.Build.0 = Debug|Any CPU
		{EFE5FD9A-4407-46D7-BB79-F7080668B5E8}.Release|Any CPU.ActiveCfg = Release|Any CPU
		{EFE5FD9A-4407-46D7-BB79-F7080668B5E8}.Release|Any CPU.Build.0 = Release|Any CPU
	EndGlobalSection
	GlobalSection(SolutionProperties) = preSolution
		HideSolutionNode = FALSE
	EndGlobalSection
	GlobalSection(ExtensibilityGlobals) = postSolution
		SolutionGuid = {DFB7BD7B-DBF3-42BF-A0FC-21ABDBBD61EA}
	EndGlobalSection
EndGlobal
